
Microsoft Visual Studio Solution File, Format Version 12.00
Project("{FAE04EC0-301F-11D3-BF4B-00C04F79EFBC}") = "Application", "Application\Application.csproj", "{D28B68A0-60C7-4AA9-A04D-B081C63EE19E}"
EndProject
Project("{FAE04EC0-301F-11D3-BF4B-00C04F79EFBC}") = "WebApp", "WebApp\WebApp.csproj", "{6DBED052-0516-4164-ABC2-903A3B45C2F1}"
EndProject
Global
	GlobalSection(SolutionConfigurationPlatforms) = preSolution
		Debug|Any CPU = Debug|Any CPU
		Release|Any CPU = Release|Any CPU
	EndGlobalSection
	GlobalSection(ProjectConfigurationPlatforms) = postSolution
		{D28B68A0-60C7-4AA9-A04D-B081C63EE19E}.Debug|Any CPU.ActiveCfg = Debug|Any CPU
		{D28B68A0-60C7-4AA9-A04D-B081C63EE19E}.Debug|Any CPU.Build.0 = Debug|Any CPU
		{D28B68A0-60C7-4AA9-A04D-B081C63EE19E}.Release|Any CPU.ActiveCfg = Release|Any CPU
		{D28B68A0-60C7-4AA9-A04D-B081C63EE19E}.Release|Any CPU.Build.0 = Release|Any CPU
		{6DBED052-0516-4164-ABC2-903A3B45C2F1}.Debug|Any CPU.ActiveCfg = Debug|Any CPU
		{6DBED052-0516-4164-ABC2-903A3B45C2F1}.Debug|Any CPU.Build.0 = Debug|Any CPU
		{6DBED052-0516-4164-ABC2-903A3B45C2F1}.Release|Any CPU.ActiveCfg = Release|Any CPU
		{6DBED052-0516-4164-ABC2-903A3B45C2F1}.Release|Any CPU.Build.0 = Release|Any CPU
	EndGlobalSection
EndGlobal
